
Microsoft Visual Studio Solution File, Format Version 12.00
# Visual Studio Version 17
VisualStudioVersion = 17.6.33815.320
MinimumVisualStudioVersion = 10.0.40219.1
Project("{9A19103F-16F7-4668-BE54-9A1E7A4F7556}") = "CacheLRU", "CacheLRU\CacheLRU.csproj", "{F57D246E-C78F-4E1C-ABCB-1588E50916AE}"
EndProject
Project("{FAE04EC0-301F-11D3-BF4B-00C04F79EFBC}") = "Cache.LinkedList", "Cache.LinkedList\Cache.LinkedList.csproj", "{18B4B5C6-1836-4C0C-BBD3-95915B9ED4B4}"
EndProject
Global
	GlobalSection(SolutionConfigurationPlatforms) = preSolution
		Debug|Any CPU = Debug|Any CPU
		Release|Any CPU = Release|Any CPU
	EndGlobalSection
	GlobalSection(ProjectConfigurationPlatforms) = postSolution
		{F57D246E-C78F-4E1C-ABCB-1588E50916AE}.Debug|Any CPU.ActiveCfg = Debug|Any CPU
		{F57D246E-C78F-4E1C-ABCB-1588E50916AE}.Debug|Any CPU.Build.0 = Debug|Any CPU
		{F57D246E-C78F-4E1C-ABCB-1588E50916AE}.Release|Any CPU.ActiveCfg = Release|Any CPU
		{F57D246E-C78F-4E1C-ABCB-1588E50916AE}.Release|Any CPU.Build.0 = Release|Any CPU
		{18B4B5C6-1836-4C0C-BBD3-95915B9ED4B4}.Debug|Any CPU.ActiveCfg = Debug|Any CPU
		{18B4B5C6-1836-4C0C-BBD3-95915B9ED4B4}.Debug|Any CPU.Build.0 = Debug|Any CPU
		{18B4B5C6-1836-4C0C-BBD3-95915B9ED4B4}.Release|Any CPU.ActiveCfg = Release|Any CPU
		{18B4B5C6-1836-4C0C-BBD3-95915B9ED4B4}.Release|Any CPU.Build.0 = Release|Any CPU
	EndGlobalSection
	GlobalSection(SolutionProperties) = preSolution
		HideSolutionNode = FALSE
	EndGlobalSection
	GlobalSection(ExtensibilityGlobals) = postSolution
		SolutionGuid = {1BAFB6B6-06C0-4EB0-84DC-B3DDA738DAE3}
	EndGlobalSection
EndGlobal
